
Microsoft Visual Studio Solution File, Format Version 12.00
# Visual Studio Version 17
VisualStudioVersion = 17.0.31903.59
MinimumVisualStudioVersion = 10.0.40219.1
Project("{2150E333-8FDC-42A3-9474-1A3956D46DE8}") = "src", "src", "{AAAA0000-0000-0000-0000-00000000A001}"
EndProject
Project("{2150E333-8FDC-42A3-9474-1A3956D46DE8}") = "tests", "tests", "{AAAA0000-0000-0000-0000-00000000A002}"
EndProject
Project("{FAE04EC0-301F-11D3-BF4B-00C04F79EFBC}") = "ScreenStudio.Core", "src\ScreenStudio.Core\ScreenStudio.Core.csproj", "{BBBB1111-1111-1111-1111-111111111101}"
EndProject
Project("{FAE04EC0-301F-11D3-BF4B-00C04F79EFBC}") = "ScreenStudio.Core.Tests", "tests\ScreenStudio.Core.Tests\ScreenStudio.Core.Tests.csproj", "{CCCC2222-2222-2222-2222-222222222201}"
EndProject
Project("{FAE04EC0-301F-11D3-BF4B-00C04F79EFBC}") = "ScreenStudio.Native", "src\ScreenStudio.Native\ScreenStudio.Native.csproj", "{BBBB1111-1111-1111-1111-111111111103}"
EndProject
Project("{FAE04EC0-301F-11D3-BF4B-00C04F79EFBC}") = "ScreenStudio.Native.Tests", "tests\ScreenStudio.Native.Tests\ScreenStudio.Native.Tests.csproj", "{99CE27FE-83BC-4F4D-A410-49B6C71309AD}"
EndProject
Project("{FAE04EC0-301F-11D3-BF4B-00C04F79EFBC}") = "ScreenStudio.App", "src\ScreenStudio.App\ScreenStudio.App.csproj", "{B432E148-7E91-4EAB-81AD-6C7A894B189F}"
EndProject
Project("{FAE04EC0-301F-11D3-BF4B-00C04F79EFBC}") = "ScreenStudio.E2E.Tests", "tests\ScreenStudio.E2E.Tests\ScreenStudio.E2E.Tests.csproj", "{45871423-8654-4D5E-B609-DBF61D12949F}"
EndProject
Global
	GlobalSection(SolutionConfigurationPlatforms) = preSolution
		Debug|Any CPU = Debug|Any CPU
		Debug|x64 = Debug|x64
		Debug|x86 = Debug|x86
		Release|Any CPU = Release|Any CPU
		Release|x64 = Release|x64
		Release|x86 = Release|x86
	EndGlobalSection
	GlobalSection(ProjectConfigurationPlatforms) = postSolution
		{BBBB1111-1111-1111-1111-111111111101}.Debug|Any CPU.ActiveCfg = Debug|Any CPU
		{BBBB1111-1111-1111-1111-111111111101}.Debug|Any CPU.Build.0 = Debug|Any CPU
		{BBBB1111-1111-1111-1111-111111111101}.Debug|x64.ActiveCfg = Debug|Any CPU
		{BBBB1111-1111-1111-1111-111111111101}.Debug|x64.Build.0 = Debug|Any CPU
		{BBBB1111-1111-1111-1111-111111111101}.Debug|x86.ActiveCfg = Debug|Any CPU
		{BBBB1111-1111-1111-1111-111111111101}.Debug|x86.Build.0 = Debug|Any CPU
		{BBBB1111-1111-1111-1111-111111111101}.Release|Any CPU.ActiveCfg = Release|Any CPU
		{BBBB1111-1111-1111-1111-111111111101}.Release|Any CPU.Build.0 = Release|Any CPU
		{BBBB1111-1111-1111-1111-111111111101}.Release|x64.ActiveCfg = Release|Any CPU
		{BBBB1111-1111-1111-1111-111111111101}.Release|x64.Build.0 = Release|Any CPU
		{BBBB1111-1111-1111-1111-111111111101}.Release|x86.ActiveCfg = Release|Any CPU
		{BBBB1111-1111-1111-1111-111111111101}.Release|x86.Build.0 = Release|Any CPU
		{CCCC2222-2222-2222-2222-222222222201}.Debug|Any CPU.ActiveCfg = Debug|Any CPU
		{CCCC2222-2222-2222-2222-222222222201}.Debug|Any CPU.Build.0 = Debug|Any CPU
		{CCCC2222-2222-2222-2222-222222222201}.Debug|x64.ActiveCfg = Debug|Any CPU
		{CCCC2222-2222-2222-2222-222222222201}.Debug|x64.Build.0 = Debug|Any CPU
		{CCCC2222-2222-2222-2222-222222222201}.Debug|x86.ActiveCfg = Debug|Any CPU
		{CCCC2222-2222-2222-2222-222222222201}.Debug|x86.Build.0 = Debug|Any CPU
		{CCCC2222-2222-2222-2222-222222222201}.Release|Any CPU.ActiveCfg = Release|Any CPU
		{CCCC2222-2222-2222-2222-222222222201}.Release|Any CPU.Build.0 = Release|Any CPU
		{CCCC2222-2222-2222-2222-222222222201}.Release|x64.ActiveCfg = Release|Any CPU
		{CCCC2222-2222-2222-2222-222222222201}.Release|x64.Build.0 = Release|Any CPU
		{CCCC2222-2222-2222-2222-222222222201}.Release|x86.ActiveCfg = Release|Any CPU
		{CCCC2222-2222-2222-2222-222222222201}.Release|x86.Build.0 = Release|Any CPU
		{BBBB1111-1111-1111-1111-111111111103}.Debug|Any CPU.ActiveCfg = Debug|Any CPU
		{BBBB1111-1111-1111-1111-111111111103}.Debug|Any CPU.Build.0 = Debug|Any CPU
		{BBBB1111-1111-1111-1111-111111111103}.Debug|x64.ActiveCfg = Debug|Any CPU
		{BBBB1111-1111-1111-1111-111111111103}.Debug|x64.Build.0 = Debug|Any CPU
		{BBBB1111-1111-1111-1111-111111111103}.Debug|x86.ActiveCfg = Debug|Any CPU
		{BBBB1111-1111-1111-1111-111111111103}.Debug|x86.Build.0 = Debug|Any CPU
		{BBBB1111-1111-1111-1111-111111111103}.Release|Any CPU.ActiveCfg = Release|Any CPU
		{BBBB1111-1111-1111-1111-111111111103}.Release|Any CPU.Build.0 = Release|Any CPU
		{BBBB1111-1111-1111-1111-111111111103}.Release|x64.ActiveCfg = Release|Any CPU
		{BBBB1111-1111-1111-1111-111111111103}.Release|x64.Build.0 = Release|Any CPU
		{BBBB1111-1111-1111-1111-111111111103}.Release|x86.ActiveCfg = Release|Any CPU
		{BBBB1111-1111-1111-1111-111111111103}.Release|x86.Build.0 = Release|Any CPU
		{99CE27FE-83BC-4F4D-A410-49B6C71309AD}.Debug|Any CPU.ActiveCfg = Debug|Any CPU
		{99CE27FE-83BC-4F4D-A410-49B6C71309AD}.Debug|Any CPU.Build.0 = Debug|Any CPU
		{99CE27FE-83BC-4F4D-A410-49B6C71309AD}.Debug|x64.ActiveCfg = Debug|Any CPU
		{99CE27FE-83BC-4F4D-A410-49B6C71309AD}.Debug|x64.Build.0 = Debug|Any CPU
		{99CE27FE-83BC-4F4D-A410-49B6C71309AD}.Debug|x86.ActiveCfg = Debug|Any CPU
		{99CE27FE-83BC-4F4D-A410-49B6C71309AD}.Debug|x86.Build.0 = Debug|Any CPU
		{99CE27FE-83BC-4F4D-A410-49B6C71309AD}.Release|Any CPU.ActiveCfg = Release|Any CPU
		{99CE27FE-83BC-4F4D-A410-49B6C71309AD}.Release|Any CPU.Build.0 = Release|Any CPU
		{99CE27FE-83BC-4F4D-A410-49B6C71309AD}.Release|x64.ActiveCfg = Release|Any CPU
		{99CE27FE-83BC-4F4D-A410-49B6C71309AD}.Release|x64.Build.0 = Release|Any CPU
		{99CE27FE-83BC-4F4D-A410-49B6C71309AD}.Release|x86.ActiveCfg = Release|Any CPU
		{99CE27FE-83BC-4F4D-A410-49B6C71309AD}.Release|x86.Build.0 = Release|Any CPU
		{B432E148-7E91-4EAB-81AD-6C7A894B189F}.Debug|Any CPU.ActiveCfg = Debug|Any CPU
		{B432E148-7E91-4EAB-81AD-6C7A894B189F}.Debug|Any CPU.Build.0 = Debug|Any CPU
		{B432E148-7E91-4EAB-81AD-6C7A894B189F}.Debug|x64.ActiveCfg = Debug|Any CPU
		{B432E148-7E91-4EAB-81AD-6C7A894B189F}.Debug|x64.Build.0 = Debug|Any CPU
		{B432E148-7E91-4EAB-81AD-6C7A894B189F}.Debug|x86.ActiveCfg = Debug|Any CPU
		{B432E148-7E91-4EAB-81AD-6C7A894B189F}.Debug|x86.Build.0 = Debug|Any CPU
		{B432E148-7E91-4EAB-81AD-6C7A894B189F}.Release|Any CPU.ActiveCfg = Release|Any CPU
		{B432E148-7E91-4EAB-81AD-6C7A894B189F}.Release|Any CPU.Build.0 = Release|Any CPU
		{B432E148-7E91-4EAB-81AD-6C7A894B189F}.Release|x64.ActiveCfg = Release|Any CPU
		{B432E148-7E91-4EAB-81AD-6C7A894B189F}.Release|x64.Build.0 = Release|Any CPU
		{B432E148-7E91-4EAB-81AD-6C7A894B189F}.Release|x86.ActiveCfg = Release|Any CPU
		{B432E148-7E91-4EAB-81AD-6C7A894B189F}.Release|x86.Build.0 = Release|Any CPU
		{45871423-8654-4D5E-B609-DBF61D12949F}.Debug|Any CPU.ActiveCfg = Debug|Any CPU
		{45871423-8654-4D5E-B609-DBF61D12949F}.Debug|Any CPU.Build.0 = Debug|Any CPU
		{45871423-8654-4D5E-B609-DBF61D12949F}.Debug|x64.ActiveCfg = Debug|Any CPU
		{45871423-8654-4D5E-B609-DBF61D12949F}.Debug|x64.Build.0 = Debug|Any CPU
		{45871423-8654-4D5E-B609-DBF61D12949F}.Debug|x86.ActiveCfg = Debug|Any CPU
		{45871423-8654-4D5E-B609-DBF61D12949F}.Debug|x86.Build.0 = Debug|Any CPU
		{45871423-8654-4D5E-B609-DBF61D12949F}.Release|Any CPU.ActiveCfg = Release|Any CPU
		{45871423-8654-4D5E-B609-DBF61D12949F}.Release|Any CPU.Build.0 = Release|Any CPU
		{45871423-8654-4D5E-B609-DBF61D12949F}.Release|x64.ActiveCfg = Release|Any CPU
		{45871423-8654-4D5E-B609-DBF61D12949F}.Release|x64.Build.0 = Release|Any CPU
		{45871423-8654-4D5E-B609-DBF61D12949F}.Release|x86.ActiveCfg = Release|Any CPU
		{45871423-8654-4D5E-B609-DBF61D12949F}.Release|x86.Build.0 = Release|Any CPU
	EndGlobalSection
	GlobalSection(SolutionProperties) = preSolution
		HideSolutionNode = FALSE
	EndGlobalSection
	GlobalSection(NestedProjects) = preSolution
		{BBBB1111-1111-1111-1111-111111111101} = {AAAA0000-0000-0000-0000-00000000A001}
		{CCCC2222-2222-2222-2222-222222222201} = {AAAA0000-0000-0000-0000-00000000A002}
		{BBBB1111-1111-1111-1111-111111111103} = {AAAA0000-0000-0000-0000-00000000A001}
		{99CE27FE-83BC-4F4D-A410-49B6C71309AD} = {AAAA0000-0000-0000-0000-00000000A002}
		{B432E148-7E91-4EAB-81AD-6C7A894B189F} = {AAAA0000-0000-0000-0000-00000000A001}
		{45871423-8654-4D5E-B609-DBF61D12949F} = {AAAA0000-0000-0000-0000-00000000A002}
	EndGlobalSection
EndGlobal
